{
  "requires": true,
  "lockfileVersion": 1,
  "dependencies": {
    "jquery": {
      "version": "3.3.1",
      "resolved": "https://registry.npmjs.org/jquery/-/jquery-3.3.1.tgz",
      "integrity": "sha512-Ubldcmxp5np52/ENotGxlLe6aGMvmF4R8S6tZjsP6Knsaxd/xp3Zrh50cG93lR6nPXyUFwzN3ZSOQI0wRJNdGg=="
    },
    "jquery-typeahead": {
      "version": "2.10.4",
      "resolved": "https://registry.npmjs.org/jquery-typeahead/-/jquery-typeahead-2.10.4.tgz",
      "integrity": "sha1-mkbXT9pBmwckrg/zZj+ADSgLxs4=",
      "requires": {
        "jquery": "3.3.1",
        "lz-string": "1.4.4"
      }
    },
    "lz-string": {
      "version": "1.4.4",
      "resolved": "https://registry.npmjs.org/lz-string/-/lz-string-1.4.4.tgz",
      "integrity": "sha1-wNjq82BZ9wV5bh40SBHPTEmNOiY="
    }
  }
}
